
Microsoft Visual Studio Solution File, Format Version 12.00
# Visual Studio Version 17
VisualStudioVersion = 17.3.32901.215
MinimumVisualStudioVersion = 10.0.40219.1
Project("{888888A0-9F3D-457C-B088-3A5042F75D52}") = "py-sdk", "py-sdk\py-sdk.pyproj", "{1138990C-6643-4522-85AD-3C6BD7A31F3D}"
EndProject
Global
	GlobalSection(SolutionConfigurationPlatforms) = preSolution
		Debug|Any CPU = Debug|Any CPU
		Release|Any CPU = Release|Any CPU
	EndGlobalSection
	GlobalSection(ProjectConfigurationPlatforms) = postSolution
		{1138990C-6643-4522-85AD-3C6BD7A31F3D}.Debug|Any CPU.ActiveCfg = Debug|Any CPU
		{1138990C-6643-4522-85AD-3C6BD7A31F3D}.Release|Any CPU.ActiveCfg = Release|Any CPU
	EndGlobalSection
	GlobalSection(SolutionProperties) = preSolution
		HideSolutionNode = FALSE
	EndGlobalSection
	GlobalSection(ExtensibilityGlobals) = postSolution
		SolutionGuid = {FF05DEB1-A811-448E-9BCE-75CABF98D26A}
	EndGlobalSection
EndGlobal
